github.com/BurntSushi/toml v1.2.0 h1:Rt8g24XnyGTyglgET/PRUNlrUeu9F5L+7FilkXfZgs0=
github.com/BurntSushi/toml v1.2.0/go.mod h1:CxXYINrC8qIiEnFrOxCa7Jy5BFHlXnUU2pbicEuybxQ=
github.com/BurntSushi/toml v1.2.1 h1:9F2/+DoOYIOksmaJFPw1tGFy1eDnIJXg+UHjuD8lTak=
github.com/BurntSushi/toml v1.2.1/go.mod h1:CxXYINrC8qIiEnFrOxCa7Jy5BFHlXnUU2pbicEuybxQ=
github.com/cmcpasserby/scli v0.1.0 h1:61Tq5QUrDowcYumklx2Ehi0VOLun8enjYFVVNj3AWzk=
github.com/cmcpasserby/scli v0.1.0/go.mod h1:jxUstNDqmFe8lXasSiRoxD2XCekJqCswsuM+RV7N3mY=
github.com/cmcpasserby/scli v0.1.2 h1:jRlUZj7qJWnmpR+nob01SdKYEuxFHF4VVwH+n0PcEmg=
github.com/cmcpasserby/scli v0.1.2/go.mod h1:jxUstNDqmFe8lXasSiRoxD2XCekJqCswsuM+RV7N3mY=
github.com/cmcpasserby/verinfo v1.0.0 h1:JchOew03E+h1IgL83iM0mQg9tmcxuakwlGNW1ci7PzY=
github.com/cmcpasserby/verinfo v1.0.0/go.mod h1:LIpNiIv7K4LgRJ5vLEJ7TS8l5Vx+uJsnQ51CAvOCQsU=
github.com/gonutz/w32/v2 v2.5.0 h1:jrVn1waNTiYzbbbJIu8+CCl87t6LkTvRTJ5wAe5wwPg=
github.com/gonutz/w32/v2 v2.5.0/go.mod h1:MgtHx0AScDVNKyB+kjyPder4xIi3XAcHS6LDDU2DmdE=
github.com/jessevdk/go-flags v1.4.0/go.mod h1:4FA24M0QyGHXBuZZK/XkWh8h0e1EYbRYJSGM75WSRxI=
gopkg.in/check.v1 v0.0.0-20161208181325-20d25e280405/go.mod h1:Co6ibVJAznAaIkqp8huTwlJQCZ016jof/cbN4VW5Yz0=
gopkg.in/yaml.v1 v1.0.0-20140924161607-9f9df34309c0/go.mod h1:WDnlLJ4WF5VGsH/HVa3CI79GS0ol3YnhVnKP89i0kNg=
howett.net/plist v1.0.0 h1:7CrbWYbPPO/PyNy38b2EB/+gYbjCe2DXBxgtOOZbSQM=
howett.net/plist v1.0.0/go.mod h1:lqaXoTrLY4hg8tnEzNru53gicrbv7rrk+2xJA/7hw9g=
